PODS:
  - OAuthSwift (1.2.1)

DEPENDENCIES:
  - OAuthSwift (from `https://github.com/OAuthSwift/OAuthSwift.git`)

EXTERNAL SOURCES:
  OAuthSwift:
    :git: https://github.com/OAuthSwift/OAuthSwift.git

CHECKOUT OPTIONS:
  OAuthSwift:
    :commit: f2c9ceeadfcb7e7a277e0568008b7de5ca0e6f6f
    :git: https://github.com/OAuthSwift/OAuthSwift.git

SPEC CHECKSUMS:
  OAuthSwift: 57fce61a61d6613a4a04ef57bfe28403292d0b88

PODFILE CHECKSUM: 7b311d9451f76ef5ccef624f2b71fab47c3983d7

COCOAPODS: 1.5.3
